<?xml version="1.0" encoding="utf-8"?>
<Project ToolsVersion="4.0" xmlns="http://schemas.microsoft.com/developer/msbuild/2003">
  <ItemGroup>
    <Filter Include="Includes">
      <UniqueIdentifier>{93995380-89BD-4b04-88EB-625FBE52EBFB}</UniqueIdentifier>
      <Extensions>h;hh;hpp;hxx;h++;hm;inl;inc;ipp;xsd</Extensions>
    </Filter>
    <Filter Include="Includes\Math">
      <UniqueIdentifier>{5a1669fe-21f3-481c-b6a1-c2a4ab9d75f8}</UniqueIdentifier>
    </Filter>
    <Filter Include="Includes\Utils">
      <UniqueIdentifier>{1672a316-a6c7-4a34-aa34-90a5b45f0d76}</UniqueIdentifier>
    </Filter>
    <Filter Include="Includes\Renderer">
      <UniqueIdentifier>{39a000a1-216a-416a-af1e-c441e7dc0b6b}</UniqueIdentifier>
    </Filter>
    <Filter Include="Sources">
      <UniqueIdentifier>{4FC737F1-C7A5-4376-A066-2A32D752A2FF}</UniqueIdentifier>
      <Extensions>cpp;c;cc;cxx;c++;cppm;ixx;def;odl;idl;hpj;bat;asm;asmx</Extensions>
    </Filter>
    <Filter Include="Sources\Math">
      <UniqueIdentifier>{586da84a-6801-4c9d-a07a-a32652b8a505}</UniqueIdentifier>
    </Filter>
    <Filter Include="Sources\Renderer">
      <UniqueIdentifier>{c51e4469-67b8-4ffd-9632-3d5db91afab5}</UniqueIdentifier>
    </Filter>
    <Filter Include="Assets">
      <UniqueIdentifier>{67DA6AB6-F800-4c08-8B7A-83BB121AAD01}</UniqueIdentifier>
      <Extensions>rc;ico;cur;bmp;dlg;rc2;rct;bin;rgs;gif;jpg;jpeg;jpe;resx;tiff;tif;png;wav;mfcribbon-ms</Extensions>
    </Filter>
    <Filter Include="Assets\Shaders">
      <UniqueIdentifier>{b4886472-2d69-43d4-8d8f-d89e51d40e3a}</UniqueIdentifier>
    </Filter>
    <Filter Include="Includes\Loader">
      <UniqueIdentifier>{9e6daabd-ae48-4fa1-9506-15bd6b0647b0}</UniqueIdentifier>
    </Filter>
    <Filter Include="Sources\Loader">
      <UniqueIdentifier>{0c6ee39c-9add-45a6-9181-2995f08232cc}</UniqueIdentifier>
    </Filter>
    <Filter Include="Includes\Animation">
      <UniqueIdentifier>{7b0c6c24-e560-4a5e-83ee-71ed2286d2e0}</UniqueIdentifier>
    </Filter>
    <Filter Include="Sources\Animation">
      <UniqueIdentifier>{8ada8f15-40ad-476d-8df7-4496326796c1}</UniqueIdentifier>
    </Filter>
    <Filter Include="Includes\UI">
      <UniqueIdentifier>{ad977ded-ad55-499d-9412-123f51a3e13b}</UniqueIdentifier>
    </Filter>
    <Filter Include="Includes\UI\imgui">
      <UniqueIdentifier>{192208d8-ca04-45a9-84f5-cc748544f548}</UniqueIdentifier>
    </Filter>
    <Filter Include="Sources\UI">
      <UniqueIdentifier>{155b75f3-697a-4099-aa7d-01e986825dd9}</UniqueIdentifier>
    </Filter>
    <Filter Include="Sources\UI\imgui">
      <UniqueIdentifier>{418ff1ea-19b4-4c55-bc49-bef9786c54ff}</UniqueIdentifier>
    </Filter>
    <Filter Include="Includes\Animation\IK">
      <UniqueIdentifier>{a74307e0-ff60-468d-a36b-afbae7467508}</UniqueIdentifier>
    </Filter>
    <Filter Include="Sources\Animation\IK">
      <UniqueIdentifier>{3c436372-9704-4149-8232-ea04971e9859}</UniqueIdentifier>
    </Filter>
  </ItemGroup>
  <ItemGroup>
    <ClCompile Include="src\Application.cpp">
      <Filter>Sources</Filter>
    </ClCompile>
    <ClCompile Include="src\DemoApplication.cpp">
      <Filter>Sources</Filter>
    </ClCompile>
    <ClCompile Include="src\Math\Vector3.cpp">
      <Filter>Sources\Math</Filter>
    </ClCompile>
    <ClCompile Include="src\Math\Math.cpp">
      <Filter>Sources\Math</Filter>
    </ClCompile>
    <ClCompile Include="src\Math\Matrix4.cpp">
      <Filter>Sources\Math</Filter>
    </ClCompile>
    <ClCompile Include="src\Math\Quaternion.cpp">
      <Filter>Sources\Math</Filter>
    </ClCompile>
    <ClCompile Include="src\Math\Transform.cpp">
      <Filter>Sources\Math</Filter>
    </ClCompile>
    <ClCompile Include="src\Renderer\Shader.cpp">
      <Filter>Sources\Renderer</Filter>
    </ClCompile>
    <ClCompile Include="src\Renderer\Attribute.cpp">
      <Filter>Sources\Renderer</Filter>
    </ClCompile>
    <ClCompile Include="src\Renderer\Uniform.cpp">
      <Filter>Sources\Renderer</Filter>
    </ClCompile>
    <ClCompile Include="src\Renderer\IndexBuffer.cpp">
      <Filter>Sources\Renderer</Filter>
    </ClCompile>
    <ClCompile Include="src\Renderer\Renderer.cpp">
      <Filter>Sources\Renderer</Filter>
    </ClCompile>
    <ClCompile Include="Src\Renderer\Texture.cpp">
      <Filter>Sources\Renderer</Filter>
    </ClCompile>
    <ClCompile Include="Src\Renderer\DebugDraw.cpp">
      <Filter>Sources\Renderer</Filter>
    </ClCompile>
    <ClCompile Include="src\Loader\cgltf.cpp">
      <Filter>Sources\Loader</Filter>
    </ClCompile>
    <ClCompile Include="src\Loader\glad.c">
      <Filter>Sources\Loader</Filter>
    </ClCompile>
    <ClCompile Include="src\Loader\stb_image.cpp">
      <Filter>Sources\Loader</Filter>
    </ClCompile>
    <ClCompile Include="src\Loader\GLTFLoader.cpp">
      <Filter>Sources\Loader</Filter>
    </ClCompile>
    <ClCompile Include="src\Math\Bezier.cpp">
      <Filter>Sources\Math</Filter>
    </ClCompile>
    <ClCompile Include="src\Animation\AnimationKeyFrame.cpp">
      <Filter>Sources\Animation</Filter>
    </ClCompile>
    <ClCompile Include="src\Animation\AnimationTrack.cpp">
      <Filter>Sources\Animation</Filter>
    </ClCompile>
    <ClCompile Include="src\Animation\AnimationTrackHelpers.cpp">
      <Filter>Sources\Animation</Filter>
    </ClCompile>
    <ClCompile Include="src\Math\Interpolation.cpp">
      <Filter>Sources\Math</Filter>
    </ClCompile>
    <ClCompile Include="src\Animation\AnimationTransformTrack.cpp">
      <Filter>Sources\Animation</Filter>
    </ClCompile>
    <ClCompile Include="src\Animation\AnimationPose.cpp">
      <Filter>Sources\Animation</Filter>
    </ClCompile>
    <ClCompile Include="src\Animation\AnimationClip.cpp">
      <Filter>Sources\Animation</Filter>
    </ClCompile>
    <ClCompile Include="src\Animation\Skeleton.cpp">
      <Filter>Sources\Animation</Filter>
    </ClCompile>
    <ClCompile Include="src\Animation\SkeletalMesh.cpp">
      <Filter>Sources\Animation</Filter>
    </ClCompile>
    <ClCompile Include="src\UI\imgui\imgui.cpp">
      <Filter>Sources\UI\imgui</Filter>
    </ClCompile>
    <ClCompile Include="src\UI\imgui\imgui_demo.cpp">
      <Filter>Sources\UI\imgui</Filter>
    </ClCompile>
    <ClCompile Include="src\UI\imgui\imgui_draw.cpp">
      <Filter>Sources\UI\imgui</Filter>
    </ClCompile>
    <ClCompile Include="src\UI\imgui\imgui_impl_glfw.cpp">
      <Filter>Sources\UI\imgui</Filter>
    </ClCompile>
    <ClCompile Include="src\UI\imgui\imgui_tables.cpp">
      <Filter>Sources\UI\imgui</Filter>
    </ClCompile>
    <ClCompile Include="src\UI\imgui\imgui_widgets.cpp">
      <Filter>Sources\UI\imgui</Filter>
    </ClCompile>
    <ClCompile Include="src\UI\imgui\imgui_impl_opengl3.cpp">
      <Filter>Sources\UI\imgui</Filter>
    </ClCompile>
    <ClCompile Include="src\Animation\FastAnimationTrack.cpp">
      <Filter>Sources\Animation</Filter>
    </ClCompile>
    <ClCompile Include="src\Animation\RearrangeBones.cpp">
      <Filter>Sources\Animation</Filter>
    </ClCompile>
    <ClCompile Include="src\Animation\CrossFadeController.cpp">
      <Filter>Sources\Animation</Filter>
    </ClCompile>
    <ClCompile Include="src\Animation\Blending.cpp">
      <Filter>Sources\Animation</Filter>
    </ClCompile>
    <ClCompile Include="src\BlendingApplication.cpp">
      <Filter>Sources</Filter>
    </ClCompile>
    <ClCompile Include="src\CrossFadingApplication.cpp">
      <Filter>Sources</Filter>
    </ClCompile>
    <ClCompile Include="src\AdditiveBlendingApplication.cpp">
      <Filter>Sources</Filter>
    </ClCompile>
    <ClCompile Include="src\Animation\IK\CCDIKSolver.cpp">
      <Filter>Sources\Animation\IK</Filter>
    </ClCompile>
  </ItemGroup>
  <ItemGroup>
    <ClInclude Include="src\Application.h">
      <Filter>Includes</Filter>
    </ClInclude>
    <ClInclude Include="src\stb_image.h">
      <Filter>Includes</Filter>
    </ClInclude>
    <ClInclude Include="src\Math\Vector3.h">
      <Filter>Includes\Math</Filter>
    </ClInclude>
    <ClInclude Include="src\Math\Matrix4.h">
      <Filter>Includes\Math</Filter>
    </ClInclude>
    <ClInclude Include="src\Math\Vector2.h">
      <Filter>Includes\Math</Filter>
    </ClInclude>
    <ClInclude Include="src\Math\Vector4.h">
      <Filter>Includes\Math</Filter>
    </ClInclude>
    <ClInclude Include="src\Math\Math.h">
      <Filter>Includes\Math</Filter>
    </ClInclude>
    <ClInclude Include="src\Utils\Timer.h">
      <Filter>Includes\Utils</Filter>
    </ClInclude>
    <ClInclude Include="src\Math\Quaternion.h">
      <Filter>Includes\Math</Filter>
    </ClInclude>
    <ClInclude Include="src\Math\Transform.h">
      <Filter>Includes\Math</Filter>
    </ClInclude>
    <ClInclude Include="src\Renderer\Shader.h">
      <Filter>Includes\Renderer</Filter>
    </ClInclude>
    <ClInclude Include="src\Renderer\Attribute.h">
      <Filter>Includes\Renderer</Filter>
    </ClInclude>
    <ClInclude Include="src\Renderer\Uniform.h">
      <Filter>Includes\Renderer</Filter>
    </ClInclude>
    <ClInclude Include="src\Renderer\IndexBuffer.h">
      <Filter>Includes\Renderer</Filter>
    </ClInclude>
    <ClInclude Include="src\Renderer\Renderer.h">
      <Filter>Includes\Renderer</Filter>
    </ClInclude>
    <ClInclude Include="Src\Renderer\DebugDraw.h">
      <Filter>Includes\Renderer</Filter>
    </ClInclude>
    <ClInclude Include="src\Loader\cgltf.h">
      <Filter>Includes\Loader</Filter>
    </ClInclude>
    <ClInclude Include="src\Loader\cgltf_write.h">
      <Filter>Includes\Loader</Filter>
    </ClInclude>
    <ClInclude Include="src\Loader\stb_image.h">
      <Filter>Includes\Loader</Filter>
    </ClInclude>
    <ClInclude Include="src\Loader\GLTFLoader.h">
      <Filter>Includes\Loader</Filter>
    </ClInclude>
    <ClInclude Include="src\Math\Bezier.h">
      <Filter>Includes\Math</Filter>
    </ClInclude>
    <ClInclude Include="src\Animation\AnimationKeyFrame.h">
      <Filter>Includes\Animation</Filter>
    </ClInclude>
    <ClInclude Include="src\Animation\AnimationTrack.h">
      <Filter>Includes\Animation</Filter>
    </ClInclude>
    <ClInclude Include="src\Animation\AnimationTrackHelpers.h">
      <Filter>Includes\Animation</Filter>
    </ClInclude>
    <ClInclude Include="src\Math\Interpolation.h">
      <Filter>Includes\Math</Filter>
    </ClInclude>
    <ClInclude Include="src\Animation\AnimationTransformTrack.h">
      <Filter>Includes\Animation</Filter>
    </ClInclude>
    <ClInclude Include="src\Animation\AnimationPose.h">
      <Filter>Includes\Animation</Filter>
    </ClInclude>
    <ClInclude Include="src\Animation\AnimationClip.h">
      <Filter>Includes\Animation</Filter>
    </ClInclude>
    <ClInclude Include="src\Animation\Skeleton.h">
      <Filter>Includes\Animation</Filter>
    </ClInclude>
    <ClInclude Include="src\Animation\SkeletalMesh.h">
      <Filter>Includes\Animation</Filter>
    </ClInclude>
    <ClInclude Include="src\UI\imgui\imconfig.h">
      <Filter>Includes\UI\imgui</Filter>
    </ClInclude>
    <ClInclude Include="src\UI\imgui\imgui.h">
      <Filter>Includes\UI\imgui</Filter>
    </ClInclude>
    <ClInclude Include="src\UI\imgui\imgui_impl_glfw.h">
      <Filter>Includes\UI\imgui</Filter>
    </ClInclude>
    <ClInclude Include="src\UI\imgui\imgui_internal.h">
      <Filter>Includes\UI\imgui</Filter>
    </ClInclude>
    <ClInclude Include="src\UI\imgui\imstb_rectpack.h">
      <Filter>Includes\UI\imgui</Filter>
    </ClInclude>
    <ClInclude Include="src\UI\imgui\imstb_textedit.h">
      <Filter>Includes\UI\imgui</Filter>
    </ClInclude>
    <ClInclude Include="src\UI\imgui\imstb_truetype.h">
      <Filter>Includes\UI\imgui</Filter>
    </ClInclude>
    <ClInclude Include="src\UI\imgui\imgui_impl_opengl3.h">
      <Filter>Includes\UI\imgui</Filter>
    </ClInclude>
    <ClInclude Include="src\UI\imgui\imgui_impl_opengl3_loader.h">
      <Filter>Includes\UI\imgui</Filter>
    </ClInclude>
    <ClInclude Include="src\Animation\FastAnimationTrack.h">
      <Filter>Includes\Animation</Filter>
    </ClInclude>
    <ClInclude Include="src\Animation\RearrangeBones.h">
      <Filter>Includes\Animation</Filter>
    </ClInclude>
    <ClInclude Include="src\Animation\CrossFadeTarget.h">
      <Filter>Includes\Animation</Filter>
    </ClInclude>
    <ClInclude Include="src\Animation\CrossFadeController.h">
      <Filter>Includes\Animation</Filter>
    </ClInclude>
    <ClInclude Include="src\Animation\Blending.h">
      <Filter>Includes\Animation</Filter>
    </ClInclude>
    <ClInclude Include="src\DemoApplication.h">
      <Filter>Includes</Filter>
    </ClInclude>
    <ClInclude Include="src\BlendingApplication.h">
      <Filter>Includes</Filter>
    </ClInclude>
    <ClInclude Include="src\CrossFadingApplication.h">
      <Filter>Includes</Filter>
    </ClInclude>
    <ClInclude Include="src\AdditiveBlendingApplication.h">
      <Filter>Includes</Filter>
    </ClInclude>
    <ClInclude Include="src\Animation\IK\CCDIKSolver.h">
      <Filter>Includes\Animation\IK</Filter>
    </ClInclude>
    <ClInclude Include="src\Animation\IK\FABRIKSolver.h">
      <Filter>Includes\Animation\IK</Filter>
    </ClInclude>
  </ItemGroup>
  <ItemGroup>
    <CustomBuild Include="Assets\Shaders\Lit.frag">
      <Filter>Assets\Shaders</Filter>
    </CustomBuild>
    <CustomBuild Include="Assets\Shaders\Static.vert">
      <Filter>Assets\Shaders</Filter>
    </CustomBuild>
    <CustomBuild Include="Assets\Shaders\Debug.vert">
      <Filter>Assets\Shaders</Filter>
    </CustomBuild>
    <CustomBuild Include="Assets\Shaders\Debug.frag">
      <Filter>Assets\Shaders</Filter>
    </CustomBuild>
    <CustomBuild Include="Assets\Shaders\Mesh.vert">
      <Filter>Assets\Shaders</Filter>
    </CustomBuild>
    <CustomBuild Include="Assets\Shaders\Mesh.frag">
      <Filter>Assets\Shaders</Filter>
    </CustomBuild>
    <CustomBuild Include="Assets\Shaders\SkinnedMesh.vert">
      <Filter>Assets\Shaders</Filter>
    </CustomBuild>
    <CustomBuild Include="Assets\Shaders\SkinnedMesh.frag">
      <Filter>Assets\Shaders</Filter>
    </CustomBuild>
    <CustomBuild Include="Assets\Shaders\PrecomputeSkinnedMesh.vert">
      <Filter>Assets\Shaders</Filter>
    </CustomBuild>
    <CustomBuild Include="Assets\Shaders\PrecomputeSkinnedMesh.frag">
      <Filter>Assets\Shaders</Filter>
    </CustomBuild>
  </ItemGroup>
</Project>